
Microsoft Visual Studio Solution File, Format Version 12.00
# Visual Studio Version 16
VisualStudioVersion = 16.0.30225.117
MinimumVisualStudioVersion = 10.0.40219.1
Project("{FAE04EC0-301F-11D3-BF4B-00C04F79EFBC}") = "DerivcoAssessment_RayhaanNakooda", "DerivcoAssessment_RayhaanNakooda\DerivcoAssessment_RayhaanNakooda.csproj", "{D470F723-052A-486D-9BC5-4D58C38C181C}"
EndProject
Global
	GlobalSection(SolutionConfigurationPlatforms) = preSolution
		Debug|Any CPU = Debug|Any CPU
		Release|Any CPU = Release|Any CPU
	EndGlobalSection
	GlobalSection(ProjectConfigurationPlatforms) = postSolution
		{D470F723-052A-486D-9BC5-4D58C38C181C}.Debug|Any CPU.ActiveCfg = Debug|Any CPU
		{D470F723-052A-486D-9BC5-4D58C38C181C}.Debug|Any CPU.Build.0 = Debug|Any CPU
		{D470F723-052A-486D-9BC5-4D58C38C181C}.Release|Any CPU.ActiveCfg = Release|Any CPU
		{D470F723-052A-486D-9BC5-4D58C38C181C}.Release|Any CPU.Build.0 = Release|Any CPU
	EndGlobalSection
	GlobalSection(SolutionProperties) = preSolution
		HideSolutionNode = FALSE
	EndGlobalSection
	GlobalSection(ExtensibilityGlobals) = postSolution
		SolutionGuid = {638B6B57-4A7E-41BA-95C0-FB0141053764}
	EndGlobalSection
EndGlobal
